
Microsoft Visual Studio Solution File, Format Version 12.00
# Visual Studio Version 17
VisualStudioVersion = 17.5.33530.505
MinimumVisualStudioVersion = 10.0.40219.1
Project("{FAE04EC0-301F-11D3-BF4B-00C04F79EFBC}") = "DoWhile", "DoWhile\DoWhile.csproj", "{2B3DB7BD-073B-4F17-A148-B45BCACDE4FB}"
EndProject
Global
	GlobalSection(SolutionConfigurationPlatforms) = preSolution
		Debug|Any CPU = Debug|Any CPU
		Release|Any CPU = Release|Any CPU
	EndGlobalSection
	GlobalSection(ProjectConfigurationPlatforms) = postSolution
		{2B3DB7BD-073B-4F17-A148-B45BCACDE4FB}.Debug|Any CPU.ActiveCfg = Debug|Any CPU
		{2B3DB7BD-073B-4F17-A148-B45BCACDE4FB}.Debug|Any CPU.Build.0 = Debug|Any CPU
		{2B3DB7BD-073B-4F17-A148-B45BCACDE4FB}.Release|Any CPU.ActiveCfg = Release|Any CPU
		{2B3DB7BD-073B-4F17-A148-B45BCACDE4FB}.Release|Any CPU.Build.0 = Release|Any CPU
	EndGlobalSection
	GlobalSection(SolutionProperties) = preSolution
		HideSolutionNode = FALSE
	EndGlobalSection
	GlobalSection(ExtensibilityGlobals) = postSolution
		SolutionGuid = {D437D871-2AA8-46BF-A10F-6361EAD65174}
	EndGlobalSection
EndGlobal
